
Microsoft Visual Studio Solution File, Format Version 12.00
# Visual Studio Version 16
VisualStudioVersion = 16.0.31005.135
MinimumVisualStudioVersion = 10.0.40219.1
Project("{9A19103F-16F7-4668-BE54-9A1E7A4F7556}") = "Cinema", "Cinema\Cinema.csproj", "{AFB2E068-0132-4D16-AA47-FB0285EFAC3B}"
EndProject
Project("{FAE04EC0-301F-11D3-BF4B-00C04F79EFBC}") = "MyCinemaApp", "MyCinemaApp\MyCinemaApp.csproj", "{4B3F2FA2-6963-4558-AFBF-914A471C7329}"
EndProject
Global
	GlobalSection(SolutionConfigurationPlatforms) = preSolution
		Debug|Any CPU = Debug|Any CPU
		Release|Any CPU = Release|Any CPU
	EndGlobalSection
	GlobalSection(ProjectConfigurationPlatforms) = postSolution
		{AFB2E068-0132-4D16-AA47-FB0285EFAC3B}.Debug|Any CPU.ActiveCfg = Debug|Any CPU
		{AFB2E068-0132-4D16-AA47-FB0285EFAC3B}.Debug|Any CPU.Build.0 = Debug|Any CPU
		{AFB2E068-0132-4D16-AA47-FB0285EFAC3B}.Release|Any CPU.ActiveCfg = Release|Any CPU
		{AFB2E068-0132-4D16-AA47-FB0285EFAC3B}.Release|Any CPU.Build.0 = Release|Any CPU
		{4B3F2FA2-6963-4558-AFBF-914A471C7329}.Debug|Any CPU.ActiveCfg = Debug|Any CPU
		{4B3F2FA2-6963-4558-AFBF-914A471C7329}.Debug|Any CPU.Build.0 = Debug|Any CPU
		{4B3F2FA2-6963-4558-AFBF-914A471C7329}.Release|Any CPU.ActiveCfg = Release|Any CPU
		{4B3F2FA2-6963-4558-AFBF-914A471C7329}.Release|Any CPU.Build.0 = Release|Any CPU
	EndGlobalSection
	GlobalSection(SolutionProperties) = preSolution
		HideSolutionNode = FALSE
	EndGlobalSection
	GlobalSection(ExtensibilityGlobals) = postSolution
		SolutionGuid = {B6CAB346-46A1-45AD-9FC9-36BB8A1514EC}
	EndGlobalSection
EndGlobal
